
Microsoft Visual Studio Solution File, Format Version 12.00
# Visual Studio Version 17
VisualStudioVersion = 17.2.32519.379
MinimumVisualStudioVersion = 10.0.40219.1
Project("{FAE04EC0-301F-11D3-BF4B-00C04F79EFBC}") = "PartyIn_L01", "PartyIn_L01\PartyIn_L01.csproj", "{90001E9B-E317-474D-9B1E-9FD342D50949}"
EndProject
Global
	GlobalSection(SolutionConfigurationPlatforms) = preSolution
		Debug|Any CPU = Debug|Any CPU
		Release|Any CPU = Release|Any CPU
	EndGlobalSection
	GlobalSection(ProjectConfigurationPlatforms) = postSolution
		{90001E9B-E317-474D-9B1E-9FD342D50949}.Debug|Any CPU.ActiveCfg = Debug|Any CPU
		{90001E9B-E317-474D-9B1E-9FD342D50949}.Debug|Any CPU.Build.0 = Debug|Any CPU
		{90001E9B-E317-474D-9B1E-9FD342D50949}.Release|Any CPU.ActiveCfg = Release|Any CPU
		{90001E9B-E317-474D-9B1E-9FD342D50949}.Release|Any CPU.Build.0 = Release|Any CPU
	EndGlobalSection
	GlobalSection(SolutionProperties) = preSolution
		HideSolutionNode = FALSE
	EndGlobalSection
	GlobalSection(ExtensibilityGlobals) = postSolution
		SolutionGuid = {626100B7-234E-4E71-A182-1F512BD296CE}
	EndGlobalSection
EndGlobal
